
Microsoft Visual Studio Solution File, Format Version 12.00
# Visual Studio Version 16
VisualStudioVersion = 16.0.30717.126
MinimumVisualStudioVersion = 10.0.40219.1
Project("{FAE04EC0-301F-11D3-BF4B-00C04F79EFBC}") = "ContentDownloader", "ContentDownloader\ContentDownloader.csproj", "{51FD8B2B-9812-477E-9666-891810D792D0}"
EndProject
Global
	GlobalSection(SolutionConfigurationPlatforms) = preSolution
		Debug|Any CPU = Debug|Any CPU
		Release|Any CPU = Release|Any CPU
	EndGlobalSection
	GlobalSection(ProjectConfigurationPlatforms) = postSolution
		{51FD8B2B-9812-477E-9666-891810D792D0}.Debug|Any CPU.ActiveCfg = Debug|Any CPU
		{51FD8B2B-9812-477E-9666-891810D792D0}.Debug|Any CPU.Build.0 = Debug|Any CPU
		{51FD8B2B-9812-477E-9666-891810D792D0}.Release|Any CPU.ActiveCfg = Release|Any CPU
		{51FD8B2B-9812-477E-9666-891810D792D0}.Release|Any CPU.Build.0 = Release|Any CPU
	EndGlobalSection
	GlobalSection(SolutionProperties) = preSolution
		HideSolutionNode = FALSE
	EndGlobalSection
	GlobalSection(ExtensibilityGlobals) = postSolution
		SolutionGuid = {B67F6D09-40FC-4E4D-8FE4-149AB436C5E9}
	EndGlobalSection
EndGlobal
